
Microsoft Visual Studio Solution File, Format Version 12.00
Project("{8BC9CEB8-8B4A-11D0-8D11-00A0C91BC942}") = "Patches", "Patches.vcxproj", "{08837541-02AA-4E93-802F-AF0B78306529}"
EndProject
Project("{8BC9CEB8-8B4A-11D0-8D11-00A0C91BC942}") = "Common", "Common.vcxproj", "{78632CCB-5AC1-4EE9-AB11-A7E63CB71FAD}"
EndProject
Global
	GlobalSection(SolutionConfigurationPlatforms) = preSolution
		Release|WITCH = Release|WITCH
		Release|LICH = Release|LICH
	EndGlobalSection
	GlobalSection(ProjectConfigurationPlatforms) = postSolution
		{78632CCB-5AC1-4EE9-AB11-A7E63CB71FAD}.Release|WITCH.ActiveCfg = Release|WITCH
		{78632CCB-5AC1-4EE9-AB11-A7E63CB71FAD}.Release|WITCH.Build.0 = Release|WITCH
		{78632CCB-5AC1-4EE9-AB11-A7E63CB71FAD}.Release|LICH.ActiveCfg = Release|LICH
		{78632CCB-5AC1-4EE9-AB11-A7E63CB71FAD}.Release|LICH.Build.0 = Release|LICH
		{08837541-02AA-4E93-802F-AF0B78306529}.Release|WITCH.ActiveCfg = Release|WITCH
		{08837541-02AA-4E93-802F-AF0B78306529}.Release|WITCH.Build.0 = Release|WITCH
		{08837541-02AA-4E93-802F-AF0B78306529}.Release|LICH.ActiveCfg = Release|LICH
		{08837541-02AA-4E93-802F-AF0B78306529}.Release|LICH.Build.0 = Release|LICH
	EndGlobalSection
EndGlobal
